{
  "name": "atlasent-azure-devops-entra-gate",
  "version": "0.0.0",
  "lockfileVersion": 3,
  "requires": true,
  "packages": {
    "": {
      "name": "atlasent-azure-devops-entra-gate",
      "version": "0.0.0",
      "dependencies": {
        "@atlasent/enforce": "2.0.0"
      }
    },
    "node_modules/@atlasent/enforce": {
      "version": "2.0.0",
      "resolved": "https://registry.npmjs.org/@atlasent/enforce/-/enforce-2.0.0.tgz",
      "integrity": "sha512-+8BqtP+Lkv6uGQ+pCauBKyBK7GXiYDDABgJ1jDbBBpDAFrwGusBpmWbUpFaW+WswgOWvkxL3KcxB+bbCm0tLvQ==",
      "license": "Apache-2.0"
    }
  }
}
